
Microsoft Visual Studio Solution File, Format Version 12.00
# Visual Studio Version 17
VisualStudioVersion = 17.8.34330.188
MinimumVisualStudioVersion = 10.0.40219.1
Project("{FAE04EC0-301F-11D3-BF4B-00C04F79EFBC}") = "EasyBlog", "EasyBlog\EasyBlog.csproj", "{943C7449-F3AB-4F9B-9609-AAEC580B8E32}"
EndProject
Global
	GlobalSection(SolutionConfigurationPlatforms) = preSolution
		Debug|Any CPU = Debug|Any CPU
		Release|Any CPU = Release|Any CPU
	EndGlobalSection
	GlobalSection(ProjectConfigurationPlatforms) = postSolution
		{943C7449-F3AB-4F9B-9609-AAEC580B8E32}.Debug|Any CPU.ActiveCfg = Debug|Any CPU
		{943C7449-F3AB-4F9B-9609-AAEC580B8E32}.Debug|Any CPU.Build.0 = Debug|Any CPU
		{943C7449-F3AB-4F9B-9609-AAEC580B8E32}.Release|Any CPU.ActiveCfg = Release|Any CPU
		{943C7449-F3AB-4F9B-9609-AAEC580B8E32}.Release|Any CPU.Build.0 = Release|Any CPU
	EndGlobalSection
	GlobalSection(SolutionProperties) = preSolution
		HideSolutionNode = FALSE
	EndGlobalSection
	GlobalSection(ExtensibilityGlobals) = postSolution
		SolutionGuid = {8B00CB68-F5F8-446B-BD44-07964D5BD99F}
	EndGlobalSection
EndGlobal
